PODS:
  - esys_flutter_share (0.0.1):
    - Flutter
  - fast_qr_reader_view (0.0.1):
    - Flutter
  - Flutter (1.0.0)
  - flutter_statusbarcolor (0.0.1):
    - Flutter
  - image_cropper (0.0.1):
    - Flutter
    - TOCropViewController (~> 2.5.0)
  - image_gallery_saver (0.0.1):
    - Flutter
  - image_picker (0.0.1):
    - Flutter
  - MTBBarcodeScanner (5.0.11)
  - path_provider (0.0.1):
    - Flutter
  - qr_code_scanner (0.0.2):
    - Flutter
    - MTBBarcodeScanner
  - qr_code_tools (0.0.1):
    - Flutter
  - share (0.5.2):
    - Flutter
  - shared_preferences (0.0.1):
    - Flutter
  - TOCropViewController (2.5.1)
  - url_launcher (0.0.1):
    - Flutter

DEPENDENCIES:
  - esys_flutter_share (from `.symlinks/plugins/esys_flutter_share/ios`)
  - fast_qr_reader_view (from `.symlinks/plugins/fast_qr_reader_view/ios`)
  - Flutter (from `.symlinks/flutter/ios`)
  - flutter_statusbarcolor (from `.symlinks/plugins/flutter_statusbarcolor/ios`)
  - image_cropper (from `.symlinks/plugins/image_cropper/ios`)
  - image_gallery_saver (from `.symlinks/plugins/image_gallery_saver/ios`)
  - image_picker (from `.symlinks/plugins/image_picker/ios`)
  - path_provider (from `.symlinks/plugins/path_provider/ios`)
  - qr_code_scanner (from `.symlinks/plugins/qr_code_scanner/ios`)
  - qr_code_tools (from `.symlinks/plugins/qr_code_tools/ios`)
  - share (from `.symlinks/plugins/share/ios`)
  - shared_preferences (from `.symlinks/plugins/shared_preferences/ios`)
  - url_launcher (from `.symlinks/plugins/url_launcher/ios`)

SPEC REPOS:
  trunk:
    - MTBBarcodeScanner
    - TOCropViewController

EXTERNAL SOURCES:
  esys_flutter_share:
    :path: ".symlinks/plugins/esys_flutter_share/ios"
  fast_qr_reader_view:
    :path: ".symlinks/plugins/fast_qr_reader_view/ios"
  Flutter:
    :path: ".symlinks/flutter/ios"
  flutter_statusbarcolor:
    :path: ".symlinks/plugins/flutter_statusbarcolor/ios"
  image_cropper:
    :path: ".symlinks/plugins/image_cropper/ios"
  image_gallery_saver:
    :path: ".symlinks/plugins/image_gallery_saver/ios"
  image_picker:
    :path: ".symlinks/plugins/image_picker/ios"
  path_provider:
    :path: ".symlinks/plugins/path_provider/ios"
  qr_code_scanner:
    :path: ".symlinks/plugins/qr_code_scanner/ios"
  qr_code_tools:
    :path: ".symlinks/plugins/qr_code_tools/ios"
  share:
    :path: ".symlinks/plugins/share/ios"
  shared_preferences:
    :path: ".symlinks/plugins/shared_preferences/ios"
  url_launcher:
    :path: ".symlinks/plugins/url_launcher/ios"

SPEC CHECKSUMS:
  esys_flutter_share: 403498dab005b36ce1f8d7aff377e81f0621b0b4
  fast_qr_reader_view: 53b38a544886e650381ca579e0cdd5ae142fffa6
  Flutter: 0e3d915762c693b495b44d77113d4970485de6ec
  flutter_statusbarcolor: 8afb1071ed8c58be929f1e32b36c629771fd2259
  image_cropper: f25bdfbf1ef970c9a0a0f78306fb6a0aaac7229e
  image_gallery_saver: 73b3cd8ad9c950c739878af9c311744d1bf5405d
  image_picker: 16e5fec1fbc87fd3b297c53e4048521eaf17cd06
  MTBBarcodeScanner: f453b33c4b7dfe545d8c6484ed744d55671788cb
  path_provider: f96fff6166a8867510d2c25fdcc346327cc4b259
  qr_code_scanner: 16107718bdad7d708cdf6a5eacdca24b56cdf471
  qr_code_tools: bd0c76036813e6251a1df7d130b9c366fe961444
  share: 7d22fe8baedfe93aefd864bf0b73f29711fbb0a3
  shared_preferences: 1feebfa37bb57264736e16865e7ffae7fc99b523
  TOCropViewController: 00dc36c4e4a0f4a45efa91adbf22df8a4fae01d3
  url_launcher: 0067ddb8f10d36786672aa0722a21717dba3a298

PODFILE CHECKSUM: 10ae9c18d12c9ffc2275c9a159a3b1e281990db0

COCOAPODS: 1.8.0.beta.2
